GEM
  remote: https://rubygems.org/
  specs:
    rouge (3.28.0)
    xcpretty (0.4.1)
      rouge (~> 3.28.0)

PLATFORMS
  arm64-darwin-25
  ruby

DEPENDENCIES
  xcpretty (= 0.4.1)

CHECKSUMS
  bundler (4.0.11) sha256=5bcec0fb78302e48d02ee46f10ee6e6942be647ba5b44a6d1ddfda9a240ce785
  rouge (3.28.0) sha256=0d6de482c7624000d92697772ab14e48dca35629f8ddf3f4b21c99183fd70e20
  xcpretty (0.4.1) sha256=b14c50e721f6589ee3d6f5353e2c2cfcd8541fa1ea16d6c602807dd7327f3892

BUNDLED WITH
  4.0.11
