// !$*UTF8*$!
{
	archiveVersion = 1;
	classes = {
	};
	objectVersion = 77;
	objects = {

/* Begin PBXBuildFile section */
		BA70D0012FB0000100000003 /* Sparkle in Frameworks */ = {isa = PBXBuildFile; productRef = BA70D0012FB0000100000002 /* Sparkle */; };
		BA70D0022FB0000200000003 /* Ink in Frameworks */ = {isa = PBXBuildFile; productRef = BA70D0022FB0000200000002 /* Ink */; };
/* End PBXBuildFile section */

/* Begin PBXContainerItemProxy section */
		BA60C22E2FAEF3570021BD5D /* PBXContainerItemProxy */ = {
			isa = PBXContainerItemProxy;
			containerPortal = BA60C2182FAEF3540021BD5D /* Project object */;
			proxyType = 1;
			remoteGlobalIDString = BA60C21F2FAEF3540021BD5D;
			remoteInfo = glance;
		};
		BA60C2382FAEF3570021BD5D /* PBXContainerItemProxy */ = {
			isa = PBXContainerItemProxy;
			containerPortal = BA60C2182FAEF3540021BD5D /* Project object */;
			proxyType = 1;
			remoteGlobalIDString = BA60C21F2FAEF3540021BD5D;
			remoteInfo = glance;
		};
/* End PBXContainerItemProxy section */

/* Begin PBXFileReference section */
		BA60C2202FAEF3540021BD5D /* glance.app */ = {isa = PBXFileReference; explicitFileType = wrapper.application; includeInIndex = 0; path = glance.app; sourceTree = BUILT_PRODUCTS_DIR; };
		BA60C22D2FAEF3570021BD5D /* glanceTests.xctest */ = {isa = PBXFileReference; explicitFileType = wrapper.cfbundle; includeInIndex = 0; path = glanceTests.xctest; sourceTree = BUILT_PRODUCTS_DIR; };
		BA60C2372FAEF3570021BD5D /* glanceUITests.xctest */ = {isa = PBXFileReference; explicitFileType = wrapper.cfbundle; includeInIndex = 0; path = glanceUITests.xctest; sourceTree = BUILT_PRODUCTS_DIR; };
/* End PBXFileReference section */

/* Begin PBXFileSystemSynchronizedRootGroup section */
		BA60C2222FAEF3540021BD5D /* glance */ = {
			isa = PBXFileSystemSynchronizedRootGroup;
			path = glance;
			sourceTree = "<group>";
		};
		BA60C2302FAEF3570021BD5D /* glanceTests */ = {
			isa = PBXFileSystemSynchronizedRootGroup;
			path = glanceTests;
			sourceTree = "<group>";
		};
		BA60C23A2FAEF3570021BD5D /* glanceUITests */ = {
			isa = PBXFileSystemSynchronizedRootGroup;
			path = glanceUITests;
			sourceTree = "<group>";
		};
		BA60C2522FAEF3570021BD5D /* Shared */ = {
			isa = PBXFileSystemSynchronizedRootGroup;
			path = Shared;
			sourceTree = "<group>";
		};
/* End PBXFileSystemSynchronizedRootGroup section */

/* Begin PBXFrameworksBuildPhase section */
		BA60C21D2FAEF3540021BD5D /* Frameworks */ = {
			isa = PBXFrameworksBuildPhase;
			buildActionMask = 2147483647;
			files = (
				BA70D0012FB0000100000003 /* Sparkle in Frameworks */,
				BA70D0022FB0000200000003 /* Ink in Frameworks */,
			);
			runOnlyForDeploymentPostprocessing = 0;
		};
		BA60C22A2FAEF3570021BD5D /* Frameworks */ = {
			isa = PBXFrameworksBuildPhase;
			buildActionMask = 2147483647;
			files = (
			);
			runOnlyForDeploymentPostprocessing = 0;
		};
		BA60C2342FAEF3570021BD5D /* Frameworks */ = {
			isa = PBXFrameworksBuildPhase;
			buildActionMask = 2147483647;
			files = (
			);
			runOnlyForDeploymentPostprocessing = 0;
		};
/* End PBXFrameworksBuildPhase section */

/* Begin PBXGroup section */
		BA60C2172FAEF3540021BD5D = {
			isa = PBXGroup;
			children = (
				BA60C2222FAEF3540021BD5D /* glance */,
				BA60C2522FAEF3570021BD5D /* Shared */,
				BA60C2302FAEF3570021BD5D /* glanceTests */,
				BA60C23A2FAEF3570021BD5D /* glanceUITests */,
				BA60C2212FAEF3540021BD5D /* Products */,
			);
			sourceTree = "<group>";
		};
		BA60C2212FAEF3540021BD5D /* Products */ = {
			isa = PBXGroup;
			children = (
				BA60C2202FAEF3540021BD5D /* glance.app */,
				BA60C22D2FAEF3570021BD5D /* glanceTests.xctest */,
				BA60C2372FAEF3570021BD5D /* glanceUITests.xctest */,
			);
			name = Products;
			sourceTree = "<group>";
		};
/* End PBXGroup section */

/* Begin PBXNativeTarget section */
		BA60C21F2FAEF3540021BD5D /* glance */ = {
			isa = PBXNativeTarget;
			buildConfigurationList = BA60C2412FAEF3570021BD5D /* Build configuration list for PBXNativeTarget "glance" */;
			buildPhases = (
				BA60C21C2FAEF3540021BD5D /* Sources */,
				BA60C21D2FAEF3540021BD5D /* Frameworks */,
				BA60C21E2FAEF3540021BD5D /* Resources */,
			);
			buildRules = (
			);
			dependencies = (
			);
			fileSystemSynchronizedGroups = (
				BA60C2222FAEF3540021BD5D /* glance */,
				BA60C2522FAEF3570021BD5D /* Shared */,
			);
			name = glance;
			packageProductDependencies = (
				BA70D0012FB0000100000002 /* Sparkle */,
				BA70D0022FB0000200000002 /* Ink */,
			);
			productName = glance;
			productReference = BA60C2202FAEF3540021BD5D /* glance.app */;
			productType = "com.apple.product-type.application";
		};
		BA60C22C2FAEF3570021BD5D /* glanceTests */ = {
			isa = PBXNativeTarget;
			buildConfigurationList = BA60C2442FAEF3570021BD5D /* Build configuration list for PBXNativeTarget "glanceTests" */;
			buildPhases = (
				BA60C2292FAEF3570021BD5D /* Sources */,
				BA60C22A2FAEF3570021BD5D /* Frameworks */,
				BA60C22B2FAEF3570021BD5D /* Resources */,
			);
			buildRules = (
			);
			dependencies = (
				BA60C22F2FAEF3570021BD5D /* PBXTargetDependency */,
			);
			fileSystemSynchronizedGroups = (
				BA60C2302FAEF3570021BD5D /* glanceTests */,
			);
			name = glanceTests;
			packageProductDependencies = (
			);
			productName = glanceTests;
			productReference = BA60C22D2FAEF3570021BD5D /* glanceTests.xctest */;
			productType = "com.apple.product-type.bundle.unit-test";
		};
		BA60C2362FAEF3570021BD5D /* glanceUITests */ = {
			isa = PBXNativeTarget;
			buildConfigurationList = BA60C2472FAEF3570021BD5D /* Build configuration list for PBXNativeTarget "glanceUITests" */;
			buildPhases = (
				BA60C2332FAEF3570021BD5D /* Sources */,
				BA60C2342FAEF3570021BD5D /* Frameworks */,
				BA60C2352FAEF3570021BD5D /* Resources */,
			);
			buildRules = (
			);
			dependencies = (
				BA60C2392FAEF3570021BD5D /* PBXTargetDependency */,
			);
			fileSystemSynchronizedGroups = (
				BA60C23A2FAEF3570021BD5D /* glanceUITests */,
			);
			name = glanceUITests;
			packageProductDependencies = (
			);
			productName = glanceUITests;
			productReference = BA60C2372FAEF3570021BD5D /* glanceUITests.xctest */;
			productType = "com.apple.product-type.bundle.ui-testing";
		};
/* End PBXNativeTarget section */

/* Begin PBXProject section */
		BA60C2182FAEF3540021BD5D /* Project object */ = {
			isa = PBXProject;
			attributes = {
				BuildIndependentTargetsInParallel = 1;
				LastSwiftUpdateCheck = 2630;
				LastUpgradeCheck = 2630;
				TargetAttributes = {
					BA60C21F2FAEF3540021BD5D = {
						CreatedOnToolsVersion = 26.3;
					};
					BA60C22C2FAEF3570021BD5D = {
						CreatedOnToolsVersion = 26.3;
						TestTargetID = BA60C21F2FAEF3540021BD5D;
					};
					BA60C2362FAEF3570021BD5D = {
						CreatedOnToolsVersion = 26.3;
						TestTargetID = BA60C21F2FAEF3540021BD5D;
					};
				};
			};
			buildConfigurationList = BA60C21B2FAEF3540021BD5D /* Build configuration list for PBXProject "glance" */;
			developmentRegion = en;
			hasScannedForEncodings = 0;
			knownRegions = (
				en,
				Base,
			);
			mainGroup = BA60C2172FAEF3540021BD5D;
			minimizedProjectReferenceProxies = 1;
			packageReferences = (
				BA70D0012FB0000100000001 /* XCRemoteSwiftPackageReference "Sparkle" */,
				BA70D0022FB0000200000001 /* XCRemoteSwiftPackageReference "Ink" */,
			);
			preferredProjectObjectVersion = 77;
			productRefGroup = BA60C2212FAEF3540021BD5D /* Products */;
			projectDirPath = "";
			projectRoot = "";
			targets = (
				BA60C21F2FAEF3540021BD5D /* glance */,
				BA60C22C2FAEF3570021BD5D /* glanceTests */,
				BA60C2362FAEF3570021BD5D /* glanceUITests */,
			);
		};
/* End PBXProject section */

/* Begin PBXResourcesBuildPhase section */
		BA60C21E2FAEF3540021BD5D /* Resources */ = {
			isa = PBXResourcesBuildPhase;
			buildActionMask = 2147483647;
			files = (
			);
			runOnlyForDeploymentPostprocessing = 0;
		};
		BA60C22B2FAEF3570021BD5D /* Resources */ = {
			isa = PBXResourcesBuildPhase;
			buildActionMask = 2147483647;
			files = (
			);
			runOnlyForDeploymentPostprocessing = 0;
		};
		BA60C2352FAEF3570021BD5D /* Resources */ = {
			isa = PBXResourcesBuildPhase;
			buildActionMask = 2147483647;
			files = (
			);
			runOnlyForDeploymentPostprocessing = 0;
		};
/* End PBXResourcesBuildPhase section */

/* Begin PBXSourcesBuildPhase section */
		BA60C21C2FAEF3540021BD5D /* Sources */ = {
			isa = PBXSourcesBuildPhase;
			buildActionMask = 2147483647;
			files = (
			);
			runOnlyForDeploymentPostprocessing = 0;
		};
		BA60C2292FAEF3570021BD5D /* Sources */ = {
			isa = PBXSourcesBuildPhase;
			buildActionMask = 2147483647;
			files = (
			);
			runOnlyForDeploymentPostprocessing = 0;
		};
		BA60C2332FAEF3570021BD5D /* Sources */ = {
			isa = PBXSourcesBuildPhase;
			buildActionMask = 2147483647;
			files = (
			);
			runOnlyForDeploymentPostprocessing = 0;
		};
/* End PBXSourcesBuildPhase section */

/* Begin PBXTargetDependency section */
		BA60C22F2FAEF3570021BD5D /* PBXTargetDependency */ = {
			isa = PBXTargetDependency;
			target = BA60C21F2FAEF3540021BD5D /* glance */;
			targetProxy = BA60C22E2FAEF3570021BD5D /* PBXContainerItemProxy */;
		};
		BA60C2392FAEF3570021BD5D /* PBXTargetDependency */ = {
			isa = PBXTargetDependency;
			target = BA60C21F2FAEF3540021BD5D /* glance */;
			targetProxy = BA60C2382FAEF3570021BD5D /* PBXContainerItemProxy */;
		};
/* End PBXTargetDependency section */

/* Begin XCBuildConfiguration section */
		BA60C23F2FAEF3570021BD5D /* Debug */ = {
			isa = XCBuildConfiguration;
			buildSettings = {
				ALWAYS_SEARCH_USER_PATHS = NO;
				ASSETCATALOG_COMPILER_GENERATE_SWIFT_ASSET_SYMBOL_EXTENSIONS = YES;
				CLANG_ANALYZER_NONNULL = YES;
				CLANG_ANALYZER_NUMBER_OBJECT_CONVERSION = YES_AGGRESSIVE;
				CLANG_CXX_LANGUAGE_STANDARD = "gnu++20";
				CLANG_ENABLE_MODULES = YES;
				CLANG_ENABLE_OBJC_ARC = YES;
				CLANG_ENABLE_OBJC_WEAK = YES;
				CLANG_WARN_BLOCK_CAPTURE_AUTORELEASING = YES;
				CLANG_WARN_BOOL_CONVERSION = YES;
				CLANG_WARN_COMMA = YES;
				CLANG_WARN_CONSTANT_CONVERSION = YES;
				CLANG_WARN_DEPRECATED_OBJC_IMPLEMENTATIONS = YES;
				CLANG_WARN_DIRECT_OBJC_ISA_USAGE = YES_ERROR;
				CLANG_WARN_DOCUMENTATION_COMMENTS = YES;
				CLANG_WARN_EMPTY_BODY = YES;
				CLANG_WARN_ENUM_CONVERSION = YES;
				CLANG_WARN_INFINITE_RECURSION = YES;
				CLANG_WARN_INT_CONVERSION = YES;
				CLANG_WARN_NON_LITERAL_NULL_CONVERSION = YES;
				CLANG_WARN_OBJC_IMPLICIT_RETAIN_SELF = YES;
				CLANG_WARN_OBJC_LITERAL_CONVERSION = YES;
				CLANG_WARN_OBJC_ROOT_CLASS = YES_ERROR;
				CLANG_WARN_QUOTED_INCLUDE_IN_FRAMEWORK_HEADER = YES;
				CLANG_WARN_RANGE_LOOP_ANALYSIS = YES;
				CLANG_WARN_STRICT_PROTOTYPES = YES;
				CLANG_WARN_SUSPICIOUS_MOVE = YES;
				CLANG_WARN_UNGUARDED_AVAILABILITY = YES_AGGRESSIVE;
				CLANG_WARN_UNREACHABLE_CODE = YES;
				CLANG_WARN__DUPLICATE_METHOD_MATCH = YES;
				COPY_PHASE_STRIP = NO;
				DEBUG_INFORMATION_FORMAT = dwarf;
				ENABLE_STRICT_OBJC_MSGSEND = YES;
				ENABLE_TESTABILITY = YES;
				ENABLE_USER_SCRIPT_SANDBOXING = YES;
				GCC_C_LANGUAGE_STANDARD = gnu17;
				GCC_DYNAMIC_NO_PIC = NO;
				GCC_NO_COMMON_BLOCKS = YES;
				GCC_OPTIMIZATION_LEVEL = 0;
				GCC_PREPROCESSOR_DEFINITIONS = (
					"DEBUG=1",
					"$(inherited)",
				);
				GCC_WARN_64_TO_32_BIT_CONVERSION = YES;
				GCC_WARN_ABOUT_RETURN_TYPE = YES_ERROR;
				GCC_WARN_UNDECLARED_SELECTOR = YES;
				GCC_WARN_UNINITIALIZED_AUTOS = YES_AGGRESSIVE;
				GCC_WARN_UNUSED_FUNCTION = YES;
				GCC_WARN_UNUSED_VARIABLE = YES;
				LOCALIZATION_PREFERS_STRING_CATALOGS = YES;
				MACOSX_DEPLOYMENT_TARGET = 26.0;
				MTL_ENABLE_DEBUG_INFO = INCLUDE_SOURCE;
				MTL_FAST_MATH = YES;
				ONLY_ACTIVE_ARCH = YES;
				SDKROOT = macosx;
				SWIFT_ACTIVE_COMPILATION_CONDITIONS = "DEBUG $(inherited)";
				SWIFT_OPTIMIZATION_LEVEL = "-Onone";
			};
			name = Debug;
		};
		BA60C2402FAEF3570021BD5D /* Release */ = {
			isa = XCBuildConfiguration;
			buildSettings = {
				ALWAYS_SEARCH_USER_PATHS = NO;
				ASSETCATALOG_COMPILER_GENERATE_SWIFT_ASSET_SYMBOL_EXTENSIONS = YES;
				CLANG_ANALYZER_NONNULL = YES;
				CLANG_ANALYZER_NUMBER_OBJECT_CONVERSION = YES_AGGRESSIVE;
				CLANG_CXX_LANGUAGE_STANDARD = "gnu++20";
				CLANG_ENABLE_MODULES = YES;
				CLANG_ENABLE_OBJC_ARC = YES;
				CLANG_ENABLE_OBJC_WEAK = YES;
				CLANG_WARN_BLOCK_CAPTURE_AUTORELEASING = YES;
				CLANG_WARN_BOOL_CONVERSION = YES;
				CLANG_WARN_COMMA = YES;
				CLANG_WARN_CONSTANT_CONVERSION = YES;
				CLANG_WARN_DEPRECATED_OBJC_IMPLEMENTATIONS = YES;
				CLANG_WARN_DIRECT_OBJC_ISA_USAGE = YES_ERROR;
				CLANG_WARN_DOCUMENTATION_COMMENTS = YES;
				CLANG_WARN_EMPTY_BODY = YES;
				CLANG_WARN_ENUM_CONVERSION = YES;
				CLANG_WARN_INFINITE_RECURSION = YES;
				CLANG_WARN_INT_CONVERSION = YES;
				CLANG_WARN_NON_LITERAL_NULL_CONVERSION = YES;
				CLANG_WARN_OBJC_IMPLICIT_RETAIN_SELF = YES;
				CLANG_WARN_OBJC_LITERAL_CONVERSION = YES;
				CLANG_WARN_OBJC_ROOT_CLASS = YES_ERROR;
				CLANG_WARN_QUOTED_INCLUDE_IN_FRAMEWORK_HEADER = YES;
				CLANG_WARN_RANGE_LOOP_ANALYSIS = YES;
				CLANG_WARN_STRICT_PROTOTYPES = YES;
				CLANG_WARN_SUSPICIOUS_MOVE = YES;
				CLANG_WARN_UNGUARDED_AVAILABILITY = YES_AGGRESSIVE;
				CLANG_WARN_UNREACHABLE_CODE = YES;
				CLANG_WARN__DUPLICATE_METHOD_MATCH = YES;
				COPY_PHASE_STRIP = NO;
				DEBUG_INFORMATION_FORMAT = "dwarf-with-dsym";
				ENABLE_NS_ASSERTIONS = NO;
				ENABLE_STRICT_OBJC_MSGSEND = YES;
				ENABLE_USER_SCRIPT_SANDBOXING = YES;
				GCC_C_LANGUAGE_STANDARD = gnu17;
				GCC_NO_COMMON_BLOCKS = YES;
				GCC_WARN_64_TO_32_BIT_CONVERSION = YES;
				GCC_WARN_ABOUT_RETURN_TYPE = YES_ERROR;
				GCC_WARN_UNDECLARED_SELECTOR = YES;
				GCC_WARN_UNINITIALIZED_AUTOS = YES_AGGRESSIVE;
				GCC_WARN_UNUSED_FUNCTION = YES;
				GCC_WARN_UNUSED_VARIABLE = YES;
				LOCALIZATION_PREFERS_STRING_CATALOGS = YES;
				MACOSX_DEPLOYMENT_TARGET = 26.0;
				MTL_ENABLE_DEBUG_INFO = NO;
				MTL_FAST_MATH = YES;
				SDKROOT = macosx;
				SWIFT_COMPILATION_MODE = wholemodule;
			};
			name = Release;
		};
		BA60C2422FAEF3570021BD5D /* Debug */ = {
			isa = XCBuildConfiguration;
			buildSettings = {
				ASSETCATALOG_COMPILER_APPICON_NAME = AppIcon;
				ASSETCATALOG_COMPILER_GLOBAL_ACCENT_COLOR_NAME = AccentColor;
				CODE_SIGN_ENTITLEMENTS = glance/glance.entitlements;
				CODE_SIGN_STYLE = Automatic;
				COMBINE_HIDPI_IMAGES = YES;
				CURRENT_PROJECT_VERSION = 3;
				DEVELOPMENT_TEAM = Q9CTDZWWR9;
				ENABLE_APP_SANDBOX = YES;
				ENABLE_PREVIEWS = YES;
				GENERATE_INFOPLIST_FILE = YES;
				INFOPLIST_KEY_LSUIElement = YES;
				INFOPLIST_KEY_NSAccessibilityUsageDescription = "glance uses Accessibility to detect the Command+G keyboard shortcut globally.";
				INFOPLIST_KEY_NSHumanReadableCopyright = "";
				INFOPLIST_KEY_SUFeedURL = "https://raw.githubusercontent.com/tukuyomil032/Glance/main/appcast.xml";
				INFOPLIST_KEY_SUPublicEDKey = "83CwhlQ4Kk/ZkkllZSAbFuDpQoZKbQP3OT/3sWw94sE=";
				LD_RUNPATH_SEARCH_PATHS = (
					"$(inherited)",
					"@executable_path/../Frameworks",
				);
				MARKETING_VERSION = 1.02;
				PRODUCT_BUNDLE_IDENTIFIER = com.tukuyomi032.glance;
				PRODUCT_NAME = "$(TARGET_NAME)";
				STRING_CATALOG_GENERATE_SYMBOLS = YES;
				SWIFT_APPROACHABLE_CONCURRENCY = YES;
				SWIFT_DEFAULT_ACTOR_ISOLATION = MainActor;
				SWIFT_EMIT_LOC_STRINGS = YES;
				SWIFT_UPCOMING_FEATURE_MEMBER_IMPORT_VISIBILITY = YES;
				SWIFT_VERSION = 5.0;
			};
			name = Debug;
		};
		BA60C2432FAEF3570021BD5D /* Release */ = {
			isa = XCBuildConfiguration;
			buildSettings = {
				ASSETCATALOG_COMPILER_APPICON_NAME = AppIcon;
				ASSETCATALOG_COMPILER_GLOBAL_ACCENT_COLOR_NAME = AccentColor;
				CODE_SIGN_ENTITLEMENTS = glance/glance.entitlements;
				CODE_SIGN_STYLE = Automatic;
				COMBINE_HIDPI_IMAGES = YES;
				CURRENT_PROJECT_VERSION = 3;
				DEVELOPMENT_TEAM = Q9CTDZWWR9;
				ENABLE_APP_SANDBOX = YES;
				ENABLE_PREVIEWS = YES;
				GENERATE_INFOPLIST_FILE = YES;
				INFOPLIST_KEY_LSUIElement = YES;
				INFOPLIST_KEY_NSAccessibilityUsageDescription = "glance uses Accessibility to detect the Command+G keyboard shortcut globally.";
				INFOPLIST_KEY_NSHumanReadableCopyright = "";
				INFOPLIST_KEY_SUFeedURL = "https://raw.githubusercontent.com/tukuyomil032/Glance/main/appcast.xml";
				INFOPLIST_KEY_SUPublicEDKey = "83CwhlQ4Kk/ZkkllZSAbFuDpQoZKbQP3OT/3sWw94sE=";
				LD_RUNPATH_SEARCH_PATHS = (
					"$(inherited)",
					"@executable_path/../Frameworks",
				);
				MARKETING_VERSION = 1.02;
				PRODUCT_BUNDLE_IDENTIFIER = com.tukuyomi032.glance;
				PRODUCT_NAME = "$(TARGET_NAME)";
				STRING_CATALOG_GENERATE_SYMBOLS = YES;
				SWIFT_APPROACHABLE_CONCURRENCY = YES;
				SWIFT_DEFAULT_ACTOR_ISOLATION = MainActor;
				SWIFT_EMIT_LOC_STRINGS = YES;
				SWIFT_UPCOMING_FEATURE_MEMBER_IMPORT_VISIBILITY = YES;
				SWIFT_VERSION = 5.0;
			};
			name = Release;
		};
		BA60C2452FAEF3570021BD5D /* Debug */ = {
			isa = XCBuildConfiguration;
			buildSettings = {
				BUNDLE_LOADER = "$(TEST_HOST)";
				"CODE_SIGN_IDENTITY[sdk=macosx*]" = "-";
				CODE_SIGN_STYLE = Automatic;
				CURRENT_PROJECT_VERSION = 3;
				GENERATE_INFOPLIST_FILE = YES;
				MACOSX_DEPLOYMENT_TARGET = 26.0;
				MARKETING_VERSION = 1.02;
				PRODUCT_BUNDLE_IDENTIFIER = com.tukuyomi032.glanceTests;
				PRODUCT_NAME = "$(TARGET_NAME)";
				STRING_CATALOG_GENERATE_SYMBOLS = NO;
				SWIFT_APPROACHABLE_CONCURRENCY = YES;
				SWIFT_EMIT_LOC_STRINGS = NO;
				SWIFT_UPCOMING_FEATURE_MEMBER_IMPORT_VISIBILITY = YES;
				SWIFT_VERSION = 5.0;
				TEST_HOST = "$(BUILT_PRODUCTS_DIR)/glance.app/$(BUNDLE_EXECUTABLE_FOLDER_PATH)/glance";
			};
			name = Debug;
		};
		BA60C2462FAEF3570021BD5D /* Release */ = {
			isa = XCBuildConfiguration;
			buildSettings = {
				BUNDLE_LOADER = "$(TEST_HOST)";
				"CODE_SIGN_IDENTITY[sdk=macosx*]" = "-";
				CODE_SIGN_STYLE = Automatic;
				CURRENT_PROJECT_VERSION = 3;
				GENERATE_INFOPLIST_FILE = YES;
				MACOSX_DEPLOYMENT_TARGET = 26.0;
				MARKETING_VERSION = 1.02;
				PRODUCT_BUNDLE_IDENTIFIER = com.tukuyomi032.glanceTests;
				PRODUCT_NAME = "$(TARGET_NAME)";
				STRING_CATALOG_GENERATE_SYMBOLS = NO;
				SWIFT_APPROACHABLE_CONCURRENCY = YES;
				SWIFT_EMIT_LOC_STRINGS = NO;
				SWIFT_UPCOMING_FEATURE_MEMBER_IMPORT_VISIBILITY = YES;
				SWIFT_VERSION = 5.0;
				TEST_HOST = "$(BUILT_PRODUCTS_DIR)/glance.app/$(BUNDLE_EXECUTABLE_FOLDER_PATH)/glance";
			};
			name = Release;
		};
		BA60C2482FAEF3570021BD5D /* Debug */ = {
			isa = XCBuildConfiguration;
			buildSettings = {
				CODE_SIGN_STYLE = Automatic;
				CURRENT_PROJECT_VERSION = 3;
				GENERATE_INFOPLIST_FILE = YES;
				MARKETING_VERSION = 1.02;
				PRODUCT_BUNDLE_IDENTIFIER = com.tukuyomi032.glanceUITests;
				PRODUCT_NAME = "$(TARGET_NAME)";
				STRING_CATALOG_GENERATE_SYMBOLS = NO;
				SWIFT_APPROACHABLE_CONCURRENCY = YES;
				SWIFT_EMIT_LOC_STRINGS = NO;
				SWIFT_UPCOMING_FEATURE_MEMBER_IMPORT_VISIBILITY = YES;
				SWIFT_VERSION = 5.0;
				TEST_TARGET_NAME = glance;
			};
			name = Debug;
		};
		BA60C2492FAEF3570021BD5D /* Release */ = {
			isa = XCBuildConfiguration;
			buildSettings = {
				CODE_SIGN_STYLE = Automatic;
				CURRENT_PROJECT_VERSION = 3;
				GENERATE_INFOPLIST_FILE = YES;
				MARKETING_VERSION = 1.02;
				PRODUCT_BUNDLE_IDENTIFIER = com.tukuyomi032.glanceUITests;
				PRODUCT_NAME = "$(TARGET_NAME)";
				STRING_CATALOG_GENERATE_SYMBOLS = NO;
				SWIFT_APPROACHABLE_CONCURRENCY = YES;
				SWIFT_EMIT_LOC_STRINGS = NO;
				SWIFT_UPCOMING_FEATURE_MEMBER_IMPORT_VISIBILITY = YES;
				SWIFT_VERSION = 5.0;
				TEST_TARGET_NAME = glance;
			};
			name = Release;
		};
/* End XCBuildConfiguration section */

/* Begin XCConfigurationList section */
		BA60C21B2FAEF3540021BD5D /* Build configuration list for PBXProject "glance" */ = {
			isa = XCConfigurationList;
			buildConfigurations = (
				BA60C23F2FAEF3570021BD5D /* Debug */,
				BA60C2402FAEF3570021BD5D /* Release */,
			);
			defaultConfigurationIsVisible = 0;
			defaultConfigurationName = Release;
		};
		BA60C2412FAEF3570021BD5D /* Build configuration list for PBXNativeTarget "glance" */ = {
			isa = XCConfigurationList;
			buildConfigurations = (
				BA60C2422FAEF3570021BD5D /* Debug */,
				BA60C2432FAEF3570021BD5D /* Release */,
			);
			defaultConfigurationIsVisible = 0;
			defaultConfigurationName = Release;
		};
		BA60C2442FAEF3570021BD5D /* Build configuration list for PBXNativeTarget "glanceTests" */ = {
			isa = XCConfigurationList;
			buildConfigurations = (
				BA60C2452FAEF3570021BD5D /* Debug */,
				BA60C2462FAEF3570021BD5D /* Release */,
			);
			defaultConfigurationIsVisible = 0;
			defaultConfigurationName = Release;
		};
		BA60C2472FAEF3570021BD5D /* Build configuration list for PBXNativeTarget "glanceUITests" */ = {
			isa = XCConfigurationList;
			buildConfigurations = (
				BA60C2482FAEF3570021BD5D /* Debug */,
				BA60C2492FAEF3570021BD5D /* Release */,
			);
			defaultConfigurationIsVisible = 0;
			defaultConfigurationName = Release;
		};
/* End XCConfigurationList section */

/* Begin XCRemoteSwiftPackageReference section */
		BA70D0012FB0000100000001 /* XCRemoteSwiftPackageReference "Sparkle" */ = {
			isa = XCRemoteSwiftPackageReference;
			repositoryURL = "https://github.com/sparkle-project/Sparkle";
			requirement = {
				kind = upToNextMajorVersion;
				minimumVersion = 2.0.0;
			};
		};
		BA70D0022FB0000200000001 /* XCRemoteSwiftPackageReference "Ink" */ = {
			isa = XCRemoteSwiftPackageReference;
			repositoryURL = "https://github.com/JohnSundell/Ink";
			requirement = {
				kind = upToNextMajorVersion;
				minimumVersion = 0.5.1;
			};
		};
/* End XCRemoteSwiftPackageReference section */

/* Begin XCSwiftPackageProductDependency section */
		BA70D0012FB0000100000002 /* Sparkle */ = {
			isa = XCSwiftPackageProductDependency;
			package = BA70D0012FB0000100000001 /* XCRemoteSwiftPackageReference "Sparkle" */;
			productName = Sparkle;
		};
		BA70D0022FB0000200000002 /* Ink */ = {
			isa = XCSwiftPackageProductDependency;
			package = BA70D0022FB0000200000001 /* XCRemoteSwiftPackageReference "Ink" */;
			productName = Ink;
		};
/* End XCSwiftPackageProductDependency section */
	};
	rootObject = BA60C2182FAEF3540021BD5D /* Project object */;
}
